{
  "requires": true,
  "lockfileVersion": 1,
  "dependencies": {
    "vue-lazyload": {
      "version": "1.2.6",
      "resolved": "https://registry.npmjs.org/vue-lazyload/-/vue-lazyload-1.2.6.tgz",
      "integrity": "sha512-6a61+pzwcfowhLRQiPdmRuJ40n/4fL/sEynu8KQZoCf5RVA0NH0X68vplLY0+lUM8mKNScYomaepV+hdjgnZhg=="
    }
  }
}
