
Microsoft Visual Studio Solution File, Format Version 12.00
# Visual Studio 15
VisualStudioVersion = 15.0.28307.106
MinimumVisualStudioVersion = 10.0.40219.1
Project("{9A19103F-16F7-4668-BE54-9A1E7A4F7556}") = "Yield.Web", "src\Yield.Web\Yield.Web.csproj", "{451121B2-0A73-4B49-884B-099648E75C02}"
EndProject
Project("{9A19103F-16F7-4668-BE54-9A1E7A4F7556}") = "Yield.Application", "src\Yield.Application\Yield.Application.csproj", "{39A04774-F22E-41F7-895D-AEC6BADF807B}"
EndProject
Project("{9A19103F-16F7-4668-BE54-9A1E7A4F7556}") = "Yield.Core", "src\Yield.Core\Yield.Core.csproj", "{4C339215-8B1F-4AFA-B573-BB32492EAF7E}"
EndProject
Project("{9A19103F-16F7-4668-BE54-9A1E7A4F7556}") = "Yield.Infrastructure", "src\Yield.Infrastructure\Yield.Infrastructure.csproj", "{1B8F71FD-AA95-4FF9-AE2E-9A33932F4C83}"
EndProject
Global
	GlobalSection(SolutionConfigurationPlatforms) = preSolution
		Debug|Any CPU = Debug|Any CPU
		Release|Any CPU = Release|Any CPU
	EndGlobalSection
	GlobalSection(ProjectConfigurationPlatforms) = postSolution
		{451121B2-0A73-4B49-884B-099648E75C02}.Debug|Any CPU.ActiveCfg = Debug|Any CPU
		{451121B2-0A73-4B49-884B-099648E75C02}.Debug|Any CPU.Build.0 = Debug|Any CPU
		{451121B2-0A73-4B49-884B-099648E75C02}.Release|Any CPU.ActiveCfg = Release|Any CPU
		{451121B2-0A73-4B49-884B-099648E75C02}.Release|Any CPU.Build.0 = Release|Any CPU
		{39A04774-F22E-41F7-895D-AEC6BADF807B}.Debug|Any CPU.ActiveCfg = Debug|Any CPU
		{39A04774-F22E-41F7-895D-AEC6BADF807B}.Debug|Any CPU.Build.0 = Debug|Any CPU
		{39A04774-F22E-41F7-895D-AEC6BADF807B}.Release|Any CPU.ActiveCfg = Release|Any CPU
		{39A04774-F22E-41F7-895D-AEC6BADF807B}.Release|Any CPU.Build.0 = Release|Any CPU
		{4C339215-8B1F-4AFA-B573-BB32492EAF7E}.Debug|Any CPU.ActiveCfg = Debug|Any CPU
		{4C339215-8B1F-4AFA-B573-BB32492EAF7E}.Debug|Any CPU.Build.0 = Debug|Any CPU
		{4C339215-8B1F-4AFA-B573-BB32492EAF7E}.Release|Any CPU.ActiveCfg = Release|Any CPU
		{4C339215-8B1F-4AFA-B573-BB32492EAF7E}.Release|Any CPU.Build.0 = Release|Any CPU
		{1B8F71FD-AA95-4FF9-AE2E-9A33932F4C83}.Debug|Any CPU.ActiveCfg = Debug|Any CPU
		{1B8F71FD-AA95-4FF9-AE2E-9A33932F4C83}.Debug|Any CPU.Build.0 = Debug|Any CPU
		{1B8F71FD-AA95-4FF9-AE2E-9A33932F4C83}.Release|Any CPU.ActiveCfg = Release|Any CPU
		{1B8F71FD-AA95-4FF9-AE2E-9A33932F4C83}.Release|Any CPU.Build.0 = Release|Any CPU
	EndGlobalSection
	GlobalSection(SolutionProperties) = preSolution
		HideSolutionNode = FALSE
	EndGlobalSection
	GlobalSection(ExtensibilityGlobals) = postSolution
		SolutionGuid = {CC4292DD-4BC3-4ED7-A06F-B1915D1A0450}
	EndGlobalSection
EndGlobal
